// !$*UTF8*$!
{
	archiveVersion = 1;
	classes = {
	};
	objectVersion = 55;
	objects = {

/* Begin PBXBuildFile section */
		9923DA90280560C1009E02D5 /* AppDelegate.swift in Sources */ = {isa = PBXBuildFile; fileRef = 9923DA8F280560C1009E02D5 /* AppDelegate.swift */; };
		9923DA92280560C1009E02D5 /* SceneDelegate.swift in Sources */ = {isa = PBXBuildFile; fileRef = 9923DA91280560C1009E02D5 /* SceneDelegate.swift */; };
		9923DA94280560C1009E02D5 /* ViewController.swift in Sources */ = {isa = PBXBuildFile; fileRef = 9923DA93280560C1009E02D5 /* ViewController.swift */; };
		9923DA97280560C1009E02D5 /* Main.storyboard in Resources */ = {isa = PBXBuildFile; fileRef = 9923DA95280560C1009E02D5 /* Main.storyboard */; };
		9923DA9A280560C1009E02D5 /* NotesApp.xcdatamodeld in Sources */ = {isa = PBXBuildFile; fileRef = 9923DA98280560C1009E02D5 /* NotesApp.xcdatamodeld */; };
		9923DA9C280560C4009E02D5 /* Assets.xcassets in Resources */ = {isa = PBXBuildFile; fileRef = 9923DA9B280560C4009E02D5 /* Assets.xcassets */; };
		9923DA9F280560C4009E02D5 /* LaunchScreen.storyboard in Resources */ = {isa = PBXBuildFile; fileRef = 9923DA9D280560C4009E02D5 /* LaunchScreen.storyboard */; };
		9923DAAA280560C4009E02D5 /* NotesAppTests.swift in Sources */ = {isa = PBXBuildFile; fileRef = 9923DAA9280560C4009E02D5 /* NotesAppTests.swift */; };
		9923DAB4280560C4009E02D5 /* NotesAppUITests.swift in Sources */ = {isa = PBXBuildFile; fileRef = 9923DAB3280560C4009E02D5 /* NotesAppUITests.swift */; };
		9923DAB6280560C4009E02D5 /* NotesAppUITestsLaunchTests.swift in Sources */ = {isa = PBXBuildFile; fileRef = 9923DAB5280560C4009E02D5 /* NotesAppUITestsLaunchTests.swift */; };
		9923DAC6280563B7009E02D5 /* NoteCellTableViewCell.swift in Sources */ = {isa = PBXBuildFile; fileRef = 9923DAC5280563B6009E02D5 /* NoteCellTableViewCell.swift */; };
		9923DAC82805678B009E02D5 /* NoteAddViewController.swift in Sources */ = {isa = PBXBuildFile; fileRef = 9923DAC72805678B009E02D5 /* NoteAddViewController.swift */; };
		9923DACA280567A4009E02D5 /* NoteDetailViewController.swift in Sources */ = {isa = PBXBuildFile; fileRef = 9923DAC9280567A4009E02D5 /* NoteDetailViewController.swift */; };
		9923DACD28056EA4009E02D5 /* NotesModel.swift in Sources */ = {isa = PBXBuildFile; fileRef = 9923DACC28056EA4009E02D5 /* NotesModel.swift */; };
/* End PBXBuildFile section */

/* Begin PBXContainerItemProxy section */
		9923DAA6280560C4009E02D5 /* PBXContainerItemProxy */ = {
			isa = PBXContainerItemProxy;
			containerPortal = 9923DA84280560C1009E02D5 /* Project object */;
			proxyType = 1;
			remoteGlobalIDString = 9923DA8B280560C1009E02D5;
			remoteInfo = NotesApp;
		};
		9923DAB0280560C4009E02D5 /* PBXContainerItemProxy */ = {
			isa = PBXContainerItemProxy;
			containerPortal = 9923DA84280560C1009E02D5 /* Project object */;
			proxyType = 1;
			remoteGlobalIDString = 9923DA8B280560C1009E02D5;
			remoteInfo = NotesApp;
		};
/* End PBXContainerItemProxy section */

/* Begin PBXFileReference section */
		9923DA8C280560C1009E02D5 /* NotesApp.app */ = {isa = PBXFileReference; explicitFileType = wrapper.application; includeInIndex = 0; path = NotesApp.app; sourceTree = BUILT_PRODUCTS_DIR; };
		9923DA8F280560C1009E02D5 /* AppDelegate.swift */ = {isa = PBXFileReference; lastKnownFileType = sourcecode.swift; path = AppDelegate.swift; sourceTree = "<group>"; };
		9923DA91280560C1009E02D5 /* SceneDelegate.swift */ = {isa = PBXFileReference; lastKnownFileType = sourcecode.swift; path = SceneDelegate.swift; sourceTree = "<group>"; };
		9923DA93280560C1009E02D5 /* ViewController.swift */ = {isa = PBXFileReference; lastKnownFileType = sourcecode.swift; path = ViewController.swift; sourceTree = "<group>"; };
		9923DA96280560C1009E02D5 /* Base */ = {isa = PBXFileReference; lastKnownFileType = file.storyboard; name = Base; path = Base.lproj/Main.storyboard; sourceTree = "<group>"; };
		9923DA99280560C1009E02D5 /* NotesApp.xcdatamodel */ = {isa = PBXFileReference; lastKnownFileType = wrapper.xcdatamodel; path = NotesApp.xcdatamodel; sourceTree = "<group>"; };
		9923DA9B280560C4009E02D5 /* Assets.xcassets */ = {isa = PBXFileReference; lastKnownFileType = folder.assetcatalog; path = Assets.xcassets; sourceTree = "<group>"; };
		9923DA9E280560C4009E02D5 /* Base */ = {isa = PBXFileReference; lastKnownFileType = file.storyboard; name = Base; path = Base.lproj/LaunchScreen.storyboard; sourceTree = "<group>"; };
		9923DAA0280560C4009E02D5 /* Info.plist */ = {isa = PBXFileReference; lastKnownFileType = text.plist.xml; path = Info.plist; sourceTree = "<group>"; };
		9923DAA5280560C4009E02D5 /* NotesAppTests.xctest */ = {isa = PBXFileReference; explicitFileType = wrapper.cfbundle; includeInIndex = 0; path = NotesAppTests.xctest; sourceTree = BUILT_PRODUCTS_DIR; };
		9923DAA9280560C4009E02D5 /* NotesAppTests.swift */ = {isa = PBXFileReference; lastKnownFileType = sourcecode.swift; path = NotesAppTests.swift; sourceTree = "<group>"; };
		9923DAAF280560C4009E02D5 /* NotesAppUITests.xctest */ = {isa = PBXFileReference; explicitFileType = wrapper.cfbundle; includeInIndex = 0; path = NotesAppUITests.xctest; sourceTree = BUILT_PRODUCTS_DIR; };
		9923DAB3280560C4009E02D5 /* NotesAppUITests.swift */ = {isa = PBXFileReference; lastKnownFileType = sourcecode.swift; path = NotesAppUITests.swift; sourceTree = "<group>"; };
		9923DAB5280560C4009E02D5 /* NotesAppUITestsLaunchTests.swift */ = {isa = PBXFileReference; lastKnownFileType = sourcecode.swift; path = NotesAppUITestsLaunchTests.swift; sourceTree = "<group>"; };
		9923DAC5280563B6009E02D5 /* NoteCellTableViewCell.swift */ = {isa = PBXFileReference; lastKnownFileType = sourcecode.swift; path = NoteCellTableViewCell.swift; sourceTree = "<group>"; };
		9923DAC72805678B009E02D5 /* NoteAddViewController.swift */ = {isa = PBXFileReference; lastKnownFileType = sourcecode.swift; path = NoteAddViewController.swift; sourceTree = "<group>"; };
		9923DAC9280567A4009E02D5 /* NoteDetailViewController.swift */ = {isa = PBXFileReference; lastKnownFileType = sourcecode.swift; path = NoteDetailViewController.swift; sourceTree = "<group>"; };
		9923DACC28056EA4009E02D5 /* NotesModel.swift */ = {isa = PBXFileReference; lastKnownFileType = sourcecode.swift; path = NotesModel.swift; sourceTree = "<group>"; };
/* End PBXFileReference section */

/* Begin PBXFrameworksBuildPhase section */
		9923DA89280560C1009E02D5 /* Frameworks */ = {
			isa = PBXFrameworksBuildPhase;
			buildActionMask = 2147483647;
			files = (
			);
			runOnlyForDeploymentPostprocessing = 0;
		};
		9923DAA2280560C4009E02D5 /* Frameworks */ = {
			isa = PBXFrameworksBuildPhase;
			buildActionMask = 2147483647;
			files = (
			);
			runOnlyForDeploymentPostprocessing = 0;
		};
		9923DAAC280560C4009E02D5 /* Frameworks */ = {
			isa = PBXFrameworksBuildPhase;
			buildActionMask = 2147483647;
			files = (
			);
			runOnlyForDeploymentPostprocessing = 0;
		};
/* End PBXFrameworksBuildPhase section */

/* Begin PBXGroup section */
		9923DA83280560C1009E02D5 = {
			isa = PBXGroup;
			children = (
				9923DA8E280560C1009E02D5 /* NotesApp */,
				9923DAA8280560C4009E02D5 /* NotesAppTests */,
				9923DAB2280560C4009E02D5 /* NotesAppUITests */,
				9923DA8D280560C1009E02D5 /* Products */,
			);
			sourceTree = "<group>";
		};
		9923DA8D280560C1009E02D5 /* Products */ = {
			isa = PBXGroup;
			children = (
				9923DA8C280560C1009E02D5 /* NotesApp.app */,
				9923DAA5280560C4009E02D5 /* NotesAppTests.xctest */,
				9923DAAF280560C4009E02D5 /* NotesAppUITests.xctest */,
			);
			name = Products;
			sourceTree = "<group>";
		};
		9923DA8E280560C1009E02D5 /* NotesApp */ = {
			isa = PBXGroup;
			children = (
				9923DACB28056E81009E02D5 /* Models */,
				9923DAC32805616B009E02D5 /* Controllers */,
				9923DAC428056174009E02D5 /* Views */,
				9923DAC22805610C009E02D5 /* Supporting Files */,
			);
			path = NotesApp;
			sourceTree = "<group>";
		};
		9923DAA8280560C4009E02D5 /* NotesAppTests */ = {
			isa = PBXGroup;
			children = (
				9923DAA9280560C4009E02D5 /* NotesAppTests.swift */,
			);
			path = NotesAppTests;
			sourceTree = "<group>";
		};
		9923DAB2280560C4009E02D5 /* NotesAppUITests */ = {
			isa = PBXGroup;
			children = (
				9923DAB3280560C4009E02D5 /* NotesAppUITests.swift */,
				9923DAB5280560C4009E02D5 /* NotesAppUITestsLaunchTests.swift */,
			);
			path = NotesAppUITests;
			sourceTree = "<group>";
		};
		9923DAC22805610C009E02D5 /* Supporting Files */ = {
			isa = PBXGroup;
			children = (
				9923DA8F280560C1009E02D5 /* AppDelegate.swift */,
				9923DA91280560C1009E02D5 /* SceneDelegate.swift */,
				9923DA9B280560C4009E02D5 /* Assets.xcassets */,
				9923DA9D280560C4009E02D5 /* LaunchScreen.storyboard */,
				9923DAA0280560C4009E02D5 /* Info.plist */,
			);
			path = "Supporting Files";
			sourceTree = "<group>";
		};
		9923DAC32805616B009E02D5 /* Controllers */ = {
			isa = PBXGroup;
			children = (
				9923DA93280560C1009E02D5 /* ViewController.swift */,
				9923DAC5280563B6009E02D5 /* NoteCellTableViewCell.swift */,
				9923DAC72805678B009E02D5 /* NoteAddViewController.swift */,
				9923DAC9280567A4009E02D5 /* NoteDetailViewController.swift */,
			);
			path = Controllers;
			sourceTree = "<group>";
		};
		9923DAC428056174009E02D5 /* Views */ = {
			isa = PBXGroup;
			children = (
				9923DA95280560C1009E02D5 /* Main.storyboard */,
			);
			path = Views;
			sourceTree = "<group>";
		};
		9923DACB28056E81009E02D5 /* Models */ = {
			isa = PBXGroup;
			children = (
				9923DA98280560C1009E02D5 /* NotesApp.xcdatamodeld */,
				9923DACC28056EA4009E02D5 /* NotesModel.swift */,
			);
			path = Models;
			sourceTree = "<group>";
		};
/* End PBXGroup section */

/* Begin PBXNativeTarget section */
		9923DA8B280560C1009E02D5 /* NotesApp */ = {
			isa = PBXNativeTarget;
			buildConfigurationList = 9923DAB9280560C4009E02D5 /* Build configuration list for PBXNativeTarget "NotesApp" */;
			buildPhases = (
				9923DA88280560C1009E02D5 /* Sources */,
				9923DA89280560C1009E02D5 /* Frameworks */,
				9923DA8A280560C1009E02D5 /* Resources */,
			);
			buildRules = (
			);
			dependencies = (
			);
			name = NotesApp;
			productName = NotesApp;
			productReference = 9923DA8C280560C1009E02D5 /* NotesApp.app */;
			productType = "com.apple.product-type.application";
		};
		9923DAA4280560C4009E02D5 /* NotesAppTests */ = {
			isa = PBXNativeTarget;
			buildConfigurationList = 9923DABC280560C4009E02D5 /* Build configuration list for PBXNativeTarget "NotesAppTests" */;
			buildPhases = (
				9923DAA1280560C4009E02D5 /* Sources */,
				9923DAA2280560C4009E02D5 /* Frameworks */,
				9923DAA3280560C4009E02D5 /* Resources */,
			);
			buildRules = (
			);
			dependencies = (
				9923DAA7280560C4009E02D5 /* PBXTargetDependency */,
			);
			name = NotesAppTests;
			productName = NotesAppTests;
			productReference = 9923DAA5280560C4009E02D5 /* NotesAppTests.xctest */;
			productType = "com.apple.product-type.bundle.unit-test";
		};
		9923DAAE280560C4009E02D5 /* NotesAppUITests */ = {
			isa = PBXNativeTarget;
			buildConfigurationList = 9923DABF280560C4009E02D5 /* Build configuration list for PBXNativeTarget "NotesAppUITests" */;
			buildPhases = (
				9923DAAB280560C4009E02D5 /* Sources */,
				9923DAAC280560C4009E02D5 /* Frameworks */,
				9923DAAD280560C4009E02D5 /* Resources */,
			);
			buildRules = (
			);
			dependencies = (
				9923DAB1280560C4009E02D5 /* PBXTargetDependency */,
			);
			name = NotesAppUITests;
			productName = NotesAppUITests;
			productReference = 9923DAAF280560C4009E02D5 /* NotesAppUITests.xctest */;
			productType = "com.apple.product-type.bundle.ui-testing";
		};
/* End PBXNativeTarget section */

/* Begin PBXProject section */
		9923DA84280560C1009E02D5 /* Project object */ = {
			isa = PBXProject;
			attributes = {
				BuildIndependentTargetsInParallel = 1;
				LastSwiftUpdateCheck = 1320;
				LastUpgradeCheck = 1320;
				TargetAttributes = {
					9923DA8B280560C1009E02D5 = {
						CreatedOnToolsVersion = 13.2.1;
					};
					9923DAA4280560C4009E02D5 = {
						CreatedOnToolsVersion = 13.2.1;
						TestTargetID = 9923DA8B280560C1009E02D5;
					};
					9923DAAE280560C4009E02D5 = {
						CreatedOnToolsVersion = 13.2.1;
						TestTargetID = 9923DA8B280560C1009E02D5;
					};
				};
			};
			buildConfigurationList = 9923DA87280560C1009E02D5 /* Build configuration list for PBXProject "NotesApp" */;
			compatibilityVersion = "Xcode 13.0";
			developmentRegion = en;
			hasScannedForEncodings = 0;
			knownRegions = (
				en,
				Base,
			);
			mainGroup = 9923DA83280560C1009E02D5;
			productRefGroup = 9923DA8D280560C1009E02D5 /* Products */;
			projectDirPath = "";
			projectRoot = "";
			targets = (
				9923DA8B280560C1009E02D5 /* NotesApp */,
				9923DAA4280560C4009E02D5 /* NotesAppTests */,
				9923DAAE280560C4009E02D5 /* NotesAppUITests */,
			);
		};
/* End PBXProject section */

/* Begin PBXResourcesBuildPhase section */
		9923DA8A280560C1009E02D5 /* Resources */ = {
			isa = PBXResourcesBuildPhase;
			buildActionMask = 2147483647;
			files = (
				9923DA9F280560C4009E02D5 /* LaunchScreen.storyboard in Resources */,
				9923DA9C280560C4009E02D5 /* Assets.xcassets in Resources */,
				9923DA97280560C1009E02D5 /* Main.storyboard in Resources */,
			);
			runOnlyForDeploymentPostprocessing = 0;
		};
		9923DAA3280560C4009E02D5 /* Resources */ = {
			isa = PBXResourcesBuildPhase;
			buildActionMask = 2147483647;
			files = (
			);
			runOnlyForDeploymentPostprocessing = 0;
		};
		9923DAAD280560C4009E02D5 /* Resources */ = {
			isa = PBXResourcesBuildPhase;
			buildActionMask = 2147483647;
			files = (
			);
			runOnlyForDeploymentPostprocessing = 0;
		};
/* End PBXResourcesBuildPhase section */

/* Begin PBXSourcesBuildPhase section */
		9923DA88280560C1009E02D5 /* Sources */ = {
			isa = PBXSourcesBuildPhase;
			buildActionMask = 2147483647;
			files = (
				9923DAC82805678B009E02D5 /* NoteAddViewController.swift in Sources */,
				9923DACA280567A4009E02D5 /* NoteDetailViewController.swift in Sources */,
				9923DA94280560C1009E02D5 /* ViewController.swift in Sources */,
				9923DA90280560C1009E02D5 /* AppDelegate.swift in Sources */,
				9923DAC6280563B7009E02D5 /* NoteCellTableViewCell.swift in Sources */,
				9923DACD28056EA4009E02D5 /* NotesModel.swift in Sources */,
				9923DA92280560C1009E02D5 /* SceneDelegate.swift in Sources */,
				9923DA9A280560C1009E02D5 /* NotesApp.xcdatamodeld in Sources */,
			);
			runOnlyForDeploymentPostprocessing = 0;
		};
		9923DAA1280560C4009E02D5 /* Sources */ = {
			isa = PBXSourcesBuildPhase;
			buildActionMask = 2147483647;
			files = (
				9923DAAA280560C4009E02D5 /* NotesAppTests.swift in Sources */,
			);
			runOnlyForDeploymentPostprocessing = 0;
		};
		9923DAAB280560C4009E02D5 /* Sources */ = {
			isa = PBXSourcesBuildPhase;
			buildActionMask = 2147483647;
			files = (
				9923DAB6280560C4009E02D5 /* NotesAppUITestsLaunchTests.swift in Sources */,
				9923DAB4280560C4009E02D5 /* NotesAppUITests.swift in Sources */,
			);
			runOnlyForDeploymentPostprocessing = 0;
		};
/* End PBXSourcesBuildPhase section */

/* Begin PBXTargetDependency section */
		9923DAA7280560C4009E02D5 /* PBXTargetDependency */ = {
			isa = PBXTargetDependency;
			target = 9923DA8B280560C1009E02D5 /* NotesApp */;
			targetProxy = 9923DAA6280560C4009E02D5 /* PBXContainerItemProxy */;
		};
		9923DAB1280560C4009E02D5 /* PBXTargetDependency */ = {
			isa = PBXTargetDependency;
			target = 9923DA8B280560C1009E02D5 /* NotesApp */;
			targetProxy = 9923DAB0280560C4009E02D5 /* PBXContainerItemProxy */;
		};
/* End PBXTargetDependency section */

/* Begin PBXVariantGroup section */
		9923DA95280560C1009E02D5 /* Main.storyboard */ = {
			isa = PBXVariantGroup;
			children = (
				9923DA96280560C1009E02D5 /* Base */,
			);
			name = Main.storyboard;
			sourceTree = "<group>";
		};
		9923DA9D280560C4009E02D5 /* LaunchScreen.storyboard */ = {
			isa = PBXVariantGroup;
			children = (
				9923DA9E280560C4009E02D5 /* Base */,
			);
			name = LaunchScreen.storyboard;
			sourceTree = "<group>";
		};
/* End PBXVariantGroup section */

/* Begin XCBuildConfiguration section */
		9923DAB7280560C4009E02D5 /* Debug */ = {
			isa = XCBuildConfiguration;
			buildSettings = {
				ALWAYS_SEARCH_USER_PATHS = NO;
				CLANG_ANALYZER_NONNULL = YES;
				CLANG_ANALYZER_NUMBER_OBJECT_CONVERSION = YES_AGGRESSIVE;
				CLANG_CXX_LANGUAGE_STANDARD = "gnu++17";
				CLANG_CXX_LIBRARY = "libc++";
				CLANG_ENABLE_MODULES = YES;
				CLANG_ENABLE_OBJC_ARC = YES;
				CLANG_ENABLE_OBJC_WEAK = YES;
				CLANG_WARN_BLOCK_CAPTURE_AUTORELEASING = YES;
				CLANG_WARN_BOOL_CONVERSION = YES;
				CLANG_WARN_COMMA = YES;
				CLANG_WARN_CONSTANT_CONVERSION = YES;
				CLANG_WARN_DEPRECATED_OBJC_IMPLEMENTATIONS = YES;
				CLANG_WARN_DIRECT_OBJC_ISA_USAGE = YES_ERROR;
				CLANG_WARN_DOCUMENTATION_COMMENTS = YES;
				CLANG_WARN_EMPTY_BODY = YES;
				CLANG_WARN_ENUM_CONVERSION = YES;
				CLANG_WARN_INFINITE_RECURSION = YES;
				CLANG_WARN_INT_CONVERSION = YES;
				CLANG_WARN_NON_LITERAL_NULL_CONVERSION = YES;
				CLANG_WARN_OBJC_IMPLICIT_RETAIN_SELF = YES;
				CLANG_WARN_OBJC_LITERAL_CONVERSION = YES;
				CLANG_WARN_OBJC_ROOT_CLASS = YES_ERROR;
				CLANG_WARN_QUOTED_INCLUDE_IN_FRAMEWORK_HEADER = YES;
				CLANG_WARN_RANGE_LOOP_ANALYSIS = YES;
				CLANG_WARN_STRICT_PROTOTYPES = YES;
				CLANG_WARN_SUSPICIOUS_MOVE = YES;
				CLANG_WARN_UNGUARDED_AVAILABILITY = YES_AGGRESSIVE;
				CLANG_WARN_UNREACHABLE_CODE = YES;
				CLANG_WARN__DUPLICATE_METHOD_MATCH = YES;
				COPY_PHASE_STRIP = NO;
				DEBUG_INFORMATION_FORMAT = dwarf;
				ENABLE_STRICT_OBJC_MSGSEND = YES;
				ENABLE_TESTABILITY = YES;
				GCC_C_LANGUAGE_STANDARD = gnu11;
				GCC_DYNAMIC_NO_PIC = NO;
				GCC_NO_COMMON_BLOCKS = YES;
				GCC_OPTIMIZATION_LEVEL = 0;
				GCC_PREPROCESSOR_DEFINITIONS = (
					"DEBUG=1",
					"$(inherited)",
				);
				GCC_WARN_64_TO_32_BIT_CONVERSION = YES;
				GCC_WARN_ABOUT_RETURN_TYPE = YES_ERROR;
				GCC_WARN_UNDECLARED_SELECTOR = YES;
				GCC_WARN_UNINITIALIZED_AUTOS = YES_AGGRESSIVE;
				GCC_WARN_UNUSED_FUNCTION = YES;
				GCC_WARN_UNUSED_VARIABLE = YES;
				IPHONEOS_DEPLOYMENT_TARGET = 15.2;
				MTL_ENABLE_DEBUG_INFO = INCLUDE_SOURCE;
				MTL_FAST_MATH = YES;
				ONLY_ACTIVE_ARCH = YES;
				SDKROOT = iphoneos;
				SWIFT_ACTIVE_COMPILATION_CONDITIONS = DEBUG;
				SWIFT_OPTIMIZATION_LEVEL = "-Onone";
			};
			name = Debug;
		};
		9923DAB8280560C4009E02D5 /* Release */ = {
			isa = XCBuildConfiguration;
			buildSettings = {
				ALWAYS_SEARCH_USER_PATHS = NO;
				CLANG_ANALYZER_NONNULL = YES;
				CLANG_ANALYZER_NUMBER_OBJECT_CONVERSION = YES_AGGRESSIVE;
				CLANG_CXX_LANGUAGE_STANDARD = "gnu++17";
				CLANG_CXX_LIBRARY = "libc++";
				CLANG_ENABLE_MODULES = YES;
				CLANG_ENABLE_OBJC_ARC = YES;
				CLANG_ENABLE_OBJC_WEAK = YES;
				CLANG_WARN_BLOCK_CAPTURE_AUTORELEASING = YES;
				CLANG_WARN_BOOL_CONVERSION = YES;
				CLANG_WARN_COMMA = YES;
				CLANG_WARN_CONSTANT_CONVERSION = YES;
				CLANG_WARN_DEPRECATED_OBJC_IMPLEMENTATIONS = YES;
				CLANG_WARN_DIRECT_OBJC_ISA_USAGE = YES_ERROR;
				CLANG_WARN_DOCUMENTATION_COMMENTS = YES;
				CLANG_WARN_EMPTY_BODY = YES;
				CLANG_WARN_ENUM_CONVERSION = YES;
				CLANG_WARN_INFINITE_RECURSION = YES;
				CLANG_WARN_INT_CONVERSION = YES;
				CLANG_WARN_NON_LITERAL_NULL_CONVERSION = YES;
				CLANG_WARN_OBJC_IMPLICIT_RETAIN_SELF = YES;
				CLANG_WARN_OBJC_LITERAL_CONVERSION = YES;
				CLANG_WARN_OBJC_ROOT_CLASS = YES_ERROR;
				CLANG_WARN_QUOTED_INCLUDE_IN_FRAMEWORK_HEADER = YES;
				CLANG_WARN_RANGE_LOOP_ANALYSIS = YES;
				CLANG_WARN_STRICT_PROTOTYPES = YES;
				CLANG_WARN_SUSPICIOUS_MOVE = YES;
				CLANG_WARN_UNGUARDED_AVAILABILITY = YES_AGGRESSIVE;
				CLANG_WARN_UNREACHABLE_CODE = YES;
				CLANG_WARN__DUPLICATE_METHOD_MATCH = YES;
				COPY_PHASE_STRIP = NO;
				DEBUG_INFORMATION_FORMAT = "dwarf-with-dsym";
				ENABLE_NS_ASSERTIONS = NO;
				ENABLE_STRICT_OBJC_MSGSEND = YES;
				GCC_C_LANGUAGE_STANDARD = gnu11;
				GCC_NO_COMMON_BLOCKS = YES;
				GCC_WARN_64_TO_32_BIT_CONVERSION = YES;
				GCC_WARN_ABOUT_RETURN_TYPE = YES_ERROR;
				GCC_WARN_UNDECLARED_SELECTOR = YES;
				GCC_WARN_UNINITIALIZED_AUTOS = YES_AGGRESSIVE;
				GCC_WARN_UNUSED_FUNCTION = YES;
				GCC_WARN_UNUSED_VARIABLE = YES;
				IPHONEOS_DEPLOYMENT_TARGET = 15.2;
				MTL_ENABLE_DEBUG_INFO = NO;
				MTL_FAST_MATH = YES;
				SDKROOT = iphoneos;
				SWIFT_COMPILATION_MODE = wholemodule;
				SWIFT_OPTIMIZATION_LEVEL = "-O";
				VALIDATE_PRODUCT = YES;
			};
			name = Release;
		};
		9923DABA280560C4009E02D5 /* Debug */ = {
			isa = XCBuildConfiguration;
			buildSettings = {
				ASSETCATALOG_COMPILER_APPICON_NAME = AppIcon;
				ASSETCATALOG_COMPILER_GLOBAL_ACCENT_COLOR_NAME = AccentColor;
				CODE_SIGN_STYLE = Automatic;
				CURRENT_PROJECT_VERSION = 1;
				GENERATE_INFOPLIST_FILE = YES;
				INFOPLIST_FILE = "NotesApp/Supporting Files/Info.plist";
				INFOPLIST_KEY_UIApplicationSupportsIndirectInputEvents = YES;
				INFOPLIST_KEY_UILaunchStoryboardName = LaunchScreen;
				INFOPLIST_KEY_UIMainStoryboardFile = Main;
				INFOPLIST_KEY_UISupportedInterfaceOrientations_iPad = "UIInterfaceOrientationPortrait UIInterfaceOrientationPortraitUpsideDown UIInterfaceOrientationLandscapeLeft UIInterfaceOrientationLandscapeRight";
				INFOPLIST_KEY_UISupportedInterfaceOrientations_iPhone = "UIInterfaceOrientationPortrait UIInterfaceOrientationLandscapeLeft UIInterfaceOrientationLandscapeRight";
				LD_RUNPATH_SEARCH_PATHS = (
					"$(inherited)",
					"@executable_path/Frameworks",
				);
				MARKETING_VERSION = 1.0;
				PRODUCT_BUNDLE_IDENTIFIER = com.zerdasoftware.NotesApp;
				PRODUCT_NAME = "$(TARGET_NAME)";
				SWIFT_EMIT_LOC_STRINGS = YES;
				SWIFT_VERSION = 5.0;
				TARGETED_DEVICE_FAMILY = "1,2";
			};
			name = Debug;
		};
		9923DABB280560C4009E02D5 /* Release */ = {
			isa = XCBuildConfiguration;
			buildSettings = {
				ASSETCATALOG_COMPILER_APPICON_NAME = AppIcon;
				ASSETCATALOG_COMPILER_GLOBAL_ACCENT_COLOR_NAME = AccentColor;
				CODE_SIGN_STYLE = Automatic;
				CURRENT_PROJECT_VERSION = 1;
				GENERATE_INFOPLIST_FILE = YES;
				INFOPLIST_FILE = "NotesApp/Supporting Files/Info.plist";
				INFOPLIST_KEY_UIApplicationSupportsIndirectInputEvents = YES;
				INFOPLIST_KEY_UILaunchStoryboardName = LaunchScreen;
				INFOPLIST_KEY_UIMainStoryboardFile = Main;
				INFOPLIST_KEY_UISupportedInterfaceOrientations_iPad = "UIInterfaceOrientationPortrait UIInterfaceOrientationPortraitUpsideDown UIInterfaceOrientationLandscapeLeft UIInterfaceOrientationLandscapeRight";
				INFOPLIST_KEY_UISupportedInterfaceOrientations_iPhone = "UIInterfaceOrientationPortrait UIInterfaceOrientationLandscapeLeft UIInterfaceOrientationLandscapeRight";
				LD_RUNPATH_SEARCH_PATHS = (
					"$(inherited)",
					"@executable_path/Frameworks",
				);
				MARKETING_VERSION = 1.0;
				PRODUCT_BUNDLE_IDENTIFIER = com.zerdasoftware.NotesApp;
				PRODUCT_NAME = "$(TARGET_NAME)";
				SWIFT_EMIT_LOC_STRINGS = YES;
				SWIFT_VERSION = 5.0;
				TARGETED_DEVICE_FAMILY = "1,2";
			};
			name = Release;
		};
		9923DABD280560C4009E02D5 /* Debug */ = {
			isa = XCBuildConfiguration;
			buildSettings = {
				ALWAYS_EMBED_SWIFT_STANDARD_LIBRARIES = YES;
				BUNDLE_LOADER = "$(TEST_HOST)";
				CODE_SIGN_STYLE = Automatic;
				CURRENT_PROJECT_VERSION = 1;
				GENERATE_INFOPLIST_FILE = YES;
				IPHONEOS_DEPLOYMENT_TARGET = 15.2;
				MARKETING_VERSION = 1.0;
				PRODUCT_BUNDLE_IDENTIFIER = com.zerdasoftware.NotesAppTests;
				PRODUCT_NAME = "$(TARGET_NAME)";
				SWIFT_EMIT_LOC_STRINGS = NO;
				SWIFT_VERSION = 5.0;
				TARGETED_DEVICE_FAMILY = "1,2";
				TEST_HOST = "$(BUILT_PRODUCTS_DIR)/NotesApp.app/NotesApp";
			};
			name = Debug;
		};
		9923DABE280560C4009E02D5 /* Release */ = {
			isa = XCBuildConfiguration;
			buildSettings = {
				ALWAYS_EMBED_SWIFT_STANDARD_LIBRARIES = YES;
				BUNDLE_LOADER = "$(TEST_HOST)";
				CODE_SIGN_STYLE = Automatic;
				CURRENT_PROJECT_VERSION = 1;
				GENERATE_INFOPLIST_FILE = YES;
				IPHONEOS_DEPLOYMENT_TARGET = 15.2;
				MARKETING_VERSION = 1.0;
				PRODUCT_BUNDLE_IDENTIFIER = com.zerdasoftware.NotesAppTests;
				PRODUCT_NAME = "$(TARGET_NAME)";
				SWIFT_EMIT_LOC_STRINGS = NO;
				SWIFT_VERSION = 5.0;
				TARGETED_DEVICE_FAMILY = "1,2";
				TEST_HOST = "$(BUILT_PRODUCTS_DIR)/NotesApp.app/NotesApp";
			};
			name = Release;
		};
		9923DAC0280560C4009E02D5 /* Debug */ = {
			isa = XCBuildConfiguration;
			buildSettings = {
				ALWAYS_EMBED_SWIFT_STANDARD_LIBRARIES = YES;
				CODE_SIGN_STYLE = Automatic;
				CURRENT_PROJECT_VERSION = 1;
				GENERATE_INFOPLIST_FILE = YES;
				MARKETING_VERSION = 1.0;
				PRODUCT_BUNDLE_IDENTIFIER = com.zerdasoftware.NotesAppUITests;
				PRODUCT_NAME = "$(TARGET_NAME)";
				SWIFT_EMIT_LOC_STRINGS = NO;
				SWIFT_VERSION = 5.0;
				TARGETED_DEVICE_FAMILY = "1,2";
				TEST_TARGET_NAME = NotesApp;
			};
			name = Debug;
		};
		9923DAC1280560C4009E02D5 /* Release */ = {
			isa = XCBuildConfiguration;
			buildSettings = {
				ALWAYS_EMBED_SWIFT_STANDARD_LIBRARIES = YES;
				CODE_SIGN_STYLE = Automatic;
				CURRENT_PROJECT_VERSION = 1;
				GENERATE_INFOPLIST_FILE = YES;
				MARKETING_VERSION = 1.0;
				PRODUCT_BUNDLE_IDENTIFIER = com.zerdasoftware.NotesAppUITests;
				PRODUCT_NAME = "$(TARGET_NAME)";
				SWIFT_EMIT_LOC_STRINGS = NO;
				SWIFT_VERSION = 5.0;
				TARGETED_DEVICE_FAMILY = "1,2";
				TEST_TARGET_NAME = NotesApp;
			};
			name = Release;
		};
/* End XCBuildConfiguration section */

/* Begin XCConfigurationList section */
		9923DA87280560C1009E02D5 /* Build configuration list for PBXProject "NotesApp" */ = {
			isa = XCConfigurationList;
			buildConfigurations = (
				9923DAB7280560C4009E02D5 /* Debug */,
				9923DAB8280560C4009E02D5 /* Release */,
			);
			defaultConfigurationIsVisible = 0;
			defaultConfigurationName = Release;
		};
		9923DAB9280560C4009E02D5 /* Build configuration list for PBXNativeTarget "NotesApp" */ = {
			isa = XCConfigurationList;
			buildConfigurations = (
				9923DABA280560C4009E02D5 /* Debug */,
				9923DABB280560C4009E02D5 /* Release */,
			);
			defaultConfigurationIsVisible = 0;
			defaultConfigurationName = Release;
		};
		9923DABC280560C4009E02D5 /* Build configuration list for PBXNativeTarget "NotesAppTests" */ = {
			isa = XCConfigurationList;
			buildConfigurations = (
				9923DABD280560C4009E02D5 /* Debug */,
				9923DABE280560C4009E02D5 /* Release */,
			);
			defaultConfigurationIsVisible = 0;
			defaultConfigurationName = Release;
		};
		9923DABF280560C4009E02D5 /* Build configuration list for PBXNativeTarget "NotesAppUITests" */ = {
			isa = XCConfigurationList;
			buildConfigurations = (
				9923DAC0280560C4009E02D5 /* Debug */,
				9923DAC1280560C4009E02D5 /* Release */,
			);
			defaultConfigurationIsVisible = 0;
			defaultConfigurationName = Release;
		};
/* End XCConfigurationList section */

/* Begin XCVersionGroup section */
		9923DA98280560C1009E02D5 /* NotesApp.xcdatamodeld */ = {
			isa = XCVersionGroup;
			children = (
				9923DA99280560C1009E02D5 /* NotesApp.xcdatamodel */,
			);
			currentVersion = 9923DA99280560C1009E02D5 /* NotesApp.xcdatamodel */;
			path = NotesApp.xcdatamodeld;
			sourceTree = "<group>";
			versionGroupType = wrapper.xcdatamodel;
		};
/* End XCVersionGroup section */
	};
	rootObject = 9923DA84280560C1009E02D5 /* Project object */;
}
